
Microsoft Visual Studio Solution File, Format Version 12.00
# Visual Studio 2017
Project("{FAE04EC0-301F-11D3-BF4B-00C04F79EFBC}") = "Ecs_Movement", "Ecs_Movement.csproj", "{9770D1EA-8E53-6AF1-1774-0899B9B99A42}"
EndProject
Global
	GlobalSection(SolutionConfigurationPlatforms) = preSolution
		Debug|Any CPU = Debug|Any CPU
		Release|Any CPU = Release|Any CPU
	EndGlobalSection
	GlobalSection(ProjectConfigurationPlatforms) = postSolution
		{9770D1EA-8E53-6AF1-1774-0899B9B99A42}.Debug|Any CPU.ActiveCfg = Debug|Any CPU
		{9770D1EA-8E53-6AF1-1774-0899B9B99A42}.Debug|Any CPU.Build.0 = Debug|Any CPU
		{9770D1EA-8E53-6AF1-1774-0899B9B99A42}.Release|Any CPU.ActiveCfg = Release|Any CPU
		{9770D1EA-8E53-6AF1-1774-0899B9B99A42}.Release|Any CPU.Build.0 = Release|Any CPU
	EndGlobalSection
	GlobalSection(SolutionProperties) = preSolution
		HideSolutionNode = FALSE
	EndGlobalSection
EndGlobal
